
Microsoft Visual Studio Solution File, Format Version 12.00
# Visual Studio 15
VisualStudioVersion = 15.0.28307.1585
MinimumVisualStudioVersion = 10.0.40219.1
Project("{FAE04EC0-301F-11D3-BF4B-00C04F79EFBC}") = "Calculus", "Calculus\Calculus.csproj", "{6DB9C68F-8F91-49DD-9F47-CBF0347862EC}"
EndProject
Global
	GlobalSection(SolutionConfigurationPlatforms) = preSolution
		Debug|Any CPU = Debug|Any CPU
		Release|Any CPU = Release|Any CPU
	EndGlobalSection
	GlobalSection(ProjectConfigurationPlatforms) = postSolution
		{6DB9C68F-8F91-49DD-9F47-CBF0347862EC}.Debug|Any CPU.ActiveCfg = Debug|Any CPU
		{6DB9C68F-8F91-49DD-9F47-CBF0347862EC}.Debug|Any CPU.Build.0 = Debug|Any CPU
		{6DB9C68F-8F91-49DD-9F47-CBF0347862EC}.Release|Any CPU.ActiveCfg = Release|Any CPU
		{6DB9C68F-8F91-49DD-9F47-CBF0347862EC}.Release|Any CPU.Build.0 = Release|Any CPU
	EndGlobalSection
	GlobalSection(SolutionProperties) = preSolution
		HideSolutionNode = FALSE
	EndGlobalSection
	GlobalSection(ExtensibilityGlobals) = postSolution
		SolutionGuid = {3E060B73-1694-4935-857F-2D4C77F38D5F}
	EndGlobalSection
EndGlobal
